
Microsoft Visual Studio Solution File, Format Version 12.00
# Visual Studio Version 17
VisualStudioVersion = 17.6.33829.357
MinimumVisualStudioVersion = 10.0.40219.1
Project("{FAE04EC0-301F-11D3-BF4B-00C04F79EFBC}") = "JWTAuthentication", "JWTAuthentication\JWTAuthentication.csproj", "{86BACB04-13AD-456F-B5F2-432091C27098}"
EndProject
Global
	GlobalSection(SolutionConfigurationPlatforms) = preSolution
		Debug|Any CPU = Debug|Any CPU
		Release|Any CPU = Release|Any CPU
	EndGlobalSection
	GlobalSection(ProjectConfigurationPlatforms) = postSolution
		{86BACB04-13AD-456F-B5F2-432091C27098}.Debug|Any CPU.ActiveCfg = Debug|Any CPU
		{86BACB04-13AD-456F-B5F2-432091C27098}.Debug|Any CPU.Build.0 = Debug|Any CPU
		{86BACB04-13AD-456F-B5F2-432091C27098}.Release|Any CPU.ActiveCfg = Release|Any CPU
		{86BACB04-13AD-456F-B5F2-432091C27098}.Release|Any CPU.Build.0 = Release|Any CPU
	EndGlobalSection
	GlobalSection(SolutionProperties) = preSolution
		HideSolutionNode = FALSE
	EndGlobalSection
	GlobalSection(ExtensibilityGlobals) = postSolution
		SolutionGuid = {EAFAB443-144A-4AAF-8FDF-23D572CF25E8}
	EndGlobalSection
EndGlobal
